
Microsoft Visual Studio Solution File, Format Version 12.00
# Visual Studio Version 17
VisualStudioVersion = 17.7.34221.43
MinimumVisualStudioVersion = 10.0.40219.1
Project("{FAE04EC0-301F-11D3-BF4B-00C04F79EFBC}") = "CW_WPF_PractResu", "CW_WPF_PractResu.csproj", "{DA9A7533-D3AE-4FBC-BB7B-22BF0DA2C638}"
EndProject
Global
	GlobalSection(SolutionConfigurationPlatforms) = preSolution
		Debug|Any CPU = Debug|Any CPU
		Release|Any CPU = Release|Any CPU
	EndGlobalSection
	GlobalSection(ProjectConfigurationPlatforms) = postSolution
		{DA9A7533-D3AE-4FBC-BB7B-22BF0DA2C638}.Debug|Any CPU.ActiveCfg = Debug|Any CPU
		{DA9A7533-D3AE-4FBC-BB7B-22BF0DA2C638}.Debug|Any CPU.Build.0 = Debug|Any CPU
		{DA9A7533-D3AE-4FBC-BB7B-22BF0DA2C638}.Release|Any CPU.ActiveCfg = Release|Any CPU
		{DA9A7533-D3AE-4FBC-BB7B-22BF0DA2C638}.Release|Any CPU.Build.0 = Release|Any CPU
	EndGlobalSection
	GlobalSection(SolutionProperties) = preSolution
		HideSolutionNode = FALSE
	EndGlobalSection
	GlobalSection(ExtensibilityGlobals) = postSolution
		SolutionGuid = {31BC7988-16F1-42BD-80BB-C5F4BF378BC0}
	EndGlobalSection
EndGlobal
